
Microsoft Visual Studio Solution File, Format Version 12.00
# Visual Studio 14
VisualStudioVersion = 14.0.25420.1
MinimumVisualStudioVersion = 10.0.40219.1
Project("{FAE04EC0-301F-11D3-BF4B-00C04F79EFBC}") = "LCUPGuidance", "LCUPGuidance-MVC\LCUPGuidance.csproj", "{A98CDFCF-4B38-48D3-BAFE-5BC460310BC6}"
	ProjectSection(ProjectDependencies) = postProject
		{92F2170C-65C5-4920-B91C-31F51C1217D0} = {92F2170C-65C5-4920-B91C-31F51C1217D0}
		{9E2B0A90-2992-4FDC-845B-E5E872D86EC5} = {9E2B0A90-2992-4FDC-845B-E5E872D86EC5}
	EndProjectSection
EndProject
Project("{FAE04EC0-301F-11D3-BF4B-00C04F79EFBC}") = "LCUPGuidanceDAL", "LCUPGuidanceDAL\LCUPGuidanceDAL.csproj", "{92F2170C-65C5-4920-B91C-31F51C1217D0}"
	ProjectSection(ProjectDependencies) = postProject
		{9E2B0A90-2992-4FDC-845B-E5E872D86EC5} = {9E2B0A90-2992-4FDC-845B-E5E872D86EC5}
	EndProjectSection
EndProject
Project("{FAE04EC0-301F-11D3-BF4B-00C04F79EFBC}") = "LCUPGuidanceModel", "LCUPGuidanceModel\LCUPGuidanceModel.csproj", "{9E2B0A90-2992-4FDC-845B-E5E872D86EC5}"
EndProject
Global
	GlobalSection(SolutionConfigurationPlatforms) = preSolution
		Debug|Any CPU = Debug|Any CPU
		Release|Any CPU = Release|Any CPU
	EndGlobalSection
	GlobalSection(ProjectConfigurationPlatforms) = postSolution
		{A98CDFCF-4B38-48D3-BAFE-5BC460310BC6}.Debug|Any CPU.ActiveCfg = Debug|Any CPU
		{A98CDFCF-4B38-48D3-BAFE-5BC460310BC6}.Debug|Any CPU.Build.0 = Debug|Any CPU
		{A98CDFCF-4B38-48D3-BAFE-5BC460310BC6}.Release|Any CPU.ActiveCfg = Release|Any CPU
		{A98CDFCF-4B38-48D3-BAFE-5BC460310BC6}.Release|Any CPU.Build.0 = Release|Any CPU
		{92F2170C-65C5-4920-B91C-31F51C1217D0}.Debug|Any CPU.ActiveCfg = Debug|Any CPU
		{92F2170C-65C5-4920-B91C-31F51C1217D0}.Debug|Any CPU.Build.0 = Debug|Any CPU
		{92F2170C-65C5-4920-B91C-31F51C1217D0}.Release|Any CPU.ActiveCfg = Release|Any CPU
		{92F2170C-65C5-4920-B91C-31F51C1217D0}.Release|Any CPU.Build.0 = Release|Any CPU
		{9E2B0A90-2992-4FDC-845B-E5E872D86EC5}.Debug|Any CPU.ActiveCfg = Debug|Any CPU
		{9E2B0A90-2992-4FDC-845B-E5E872D86EC5}.Debug|Any CPU.Build.0 = Debug|Any CPU
		{9E2B0A90-2992-4FDC-845B-E5E872D86EC5}.Release|Any CPU.ActiveCfg = Release|Any CPU
		{9E2B0A90-2992-4FDC-845B-E5E872D86EC5}.Release|Any CPU.Build.0 = Release|Any CPU
	EndGlobalSection
	GlobalSection(SolutionProperties) = preSolution
		HideSolutionNode = FALSE
	EndGlobalSection
EndGlobal
